{
  "version": 4,
  "terraform_version": "1.12.1",
  "serial": 51,
  "lineage": "890fcd71-e020-1c50-aab0-138fcb60a754",
  "outputs": {},
  "resources": [
    {
      "mode": "managed",
      "type": "null_resource",
      "name": "pdns_provisioner",
      "provider": "provider[\"registry.terraform.io/hashicorp/null\"]",
      "instances": [
        {
          "schema_version": 0,
          "attributes": {
            "id": "3413977491805634686",
            "triggers": null
          },
          "sensitive_attributes": [],
          "identity_schema_version": 0,
          "dependencies": [
            "null_resource.wait_for_vm",
            "proxmox_virtual_environment_vm.pdns_primary"
          ]
        }
      ]
    },
    {
      "mode": "managed",
      "type": "null_resource",
      "name": "wait_for_vm",
      "provider": "provider[\"registry.terraform.io/hashicorp/null\"]",
      "instances": [
        {
          "schema_version": 0,
          "attributes": {
            "id": "7642797069562281728",
            "triggers": null
          },
          "sensitive_attributes": [],
          "identity_schema_version": 0,
          "dependencies": [
            "proxmox_virtual_environment_vm.pdns_primary"
          ]
        }
      ]
    },
    {
      "mode": "managed",
      "type": "proxmox_virtual_environment_vm",
      "name": "pdns_primary",
      "provider": "provider[\"registry.terraform.io/bpg/proxmox\"]",
      "instances": [
        {
          "schema_version": 0,
          "attributes": {
            "acpi": true,
            "agent": [
              {
                "enabled": true,
                "timeout": "15m",
                "trim": false,
                "type": "virtio"
              }
            ],
            "audio_device": [],
            "bios": "seabios",
            "boot_order": null,
            "cdrom": [],
            "clone": [
              {
                "datastore_id": "local-zfs",
                "full": true,
                "node_name": "",
                "retries": 1,
                "vm_id": 9000
              }
            ],
            "cpu": [
              {
                "affinity": "",
                "architecture": "",
                "cores": 4,
                "flags": null,
                "hotplugged": 0,
                "limit": 0,
                "numa": false,
                "sockets": 1,
                "type": "host",
                "units": 1024
              }
            ],
            "description": "pdns server VM",
            "disk": [
              {
                "aio": "io_uring",
                "backup": true,
                "cache": "none",
                "datastore_id": "local-zfs",
                "discard": "ignore",
                "file_format": "raw",
                "file_id": "",
                "interface": "scsi0",
                "iothread": false,
                "path_in_datastore": "vm-100-disk-0",
                "replicate": true,
                "serial": "",
                "size": 64,
                "speed": [],
                "ssd": false
              }
            ],
            "efi_disk": [],
            "hook_script_file_id": null,
            "hostpci": [],
            "id": "100",
            "initialization": [
              {
                "datastore_id": "local-zfs",
                "dns": [
                  {
                    "domain": "iuc.cs",
                    "server": "",
                    "servers": [
                      "1.1.1.1",
                      "8.8.8.8"
                    ]
                  }
                ],
                "interface": "ide2",
                "ip_config": [
                  {
                    "ipv4": [
                      {
                        "address": "10.249.254.97/24",
                        "gateway": "10.249.254.1"
                      }
                    ],
                    "ipv6": []
                  }
                ],
                "meta_data_file_id": "",
                "network_data_file_id": "",
                "type": "",
                "upgrade": false,
                "user_account": [
                  {
                    "keys": [
                      "ssh-rsa AAAAB3NzaC1yc2EAAAADAQABAAACAQC8MZrnPQ21iMCzZzX8MOY48k9Q+KIpmPh3Fqm8uF6Kr+4LRE1JnDQ6Ol9AuaIwK4rwHl/uI6nDf/hoX+nIrbO4uFRDuUU5k8umBlCmfC1OA0NcLtbhaxF9+yrrmm7aP0XqNli/ysmiE3mejcWxHDZN26K35y3ebRaahJh0r1N+DqiPwvH8kwiLctvvhB7pQchYPtmMd+a/Pskp+LLPwitgx4jP34b1HGPl5KE7QBx1GGN1pHFnt4mnEZK996gqbaTgVBOUYi8APRbn9dZzXd0y3SclxHpKDogG0jUV/PywVLcROj0D+5/Wlha/gh3lcUGm2YVJRRJcdOixreOHsOFc3kZ6wrFQMEgBAlnKhjHZnCooBJEUWeEcf69iPsAu3eLjQxmeY5aBzcj+oZUwFnd2eoTYg3HGYboKYBpMPIgsORgCuyYv/N69VJ6OuwmkjVOdczrX9uCpFS//PFUzzuEVsoWp1PGj2LyvqHjk4A3MCZhBSL1mDENOIu+p9jxG4VknvOv5tXpJUUcR1RY8iTowCQyarmwfFmsUyjqfN2p8ddpnMx+ZKGJh2q7cFL+ofAC0B6UR5H6VxdhLKV/wxpgd0E6I6+n+MigSsUVWUeV0p/HfyVvVR4zqDsLv6+1vaDhOStNpF7zY/MDxt1zdvjhW+rzEN5R0rxZtndEllh2zyw== evanv@LAPTOP-I1TKGGFB"
                    ],
                    "password": "**********",
                    "username": "root"
                  }
                ],
                "user_data_file_id": "",
                "vendor_data_file_id": ""
              }
            ],
            "ipv4_addresses": [],
            "ipv6_addresses": [],
            "keyboard_layout": "en-us",
            "kvm_arguments": null,
            "mac_addresses": [],
            "machine": null,
            "memory": [
              {
                "dedicated": 16384,
                "floating": 0,
                "hugepages": "",
                "keep_hugepages": false,
                "shared": 0
              }
            ],
            "migrate": false,
            "name": "pdns-primary",
            "network_device": [
              {
                "bridge": "vmbr0",
                "disconnected": false,
                "enabled": true,
                "firewall": false,
                "mac_address": "BC:24:11:0E:2E:91",
                "model": "virtio",
                "mtu": 0,
                "queues": 0,
                "rate_limit": 0,
                "trunks": "",
                "vlan_id": 0
              }
            ],
            "network_interface_names": [],
            "node_name": "pve-worker-1",
            "numa": [],
            "on_boot": true,
            "operating_system": [
              {
                "type": "l26"
              }
            ],
            "pool_id": null,
            "protection": false,
            "reboot": false,
            "reboot_after_update": true,
            "rng": [],
            "scsi_hardware": "virtio-scsi-pci",
            "serial_device": [],
            "smbios": [],
            "started": true,
            "startup": [],
            "stop_on_destroy": false,
            "tablet_device": true,
            "tags": [
              "pdns",
              "server"
            ],
            "template": false,
            "timeout_clone": 1800,
            "timeout_create": 1800,
            "timeout_migrate": 1800,
            "timeout_move_disk": 1800,
            "timeout_reboot": 1800,
            "timeout_shutdown_vm": 1800,
            "timeout_start_vm": 1800,
            "timeout_stop_vm": 300,
            "tpm_state": [],
            "usb": [],
            "vga": [],
            "vm_id": 100,
            "watchdog": []
          },
          "sensitive_attributes": [
            [
              {
                "type": "get_attr",
                "value": "initialization"
              },
              {
                "type": "index",
                "value": {
                  "value": 0,
                  "type": "number"
                }
              },
              {
                "type": "get_attr",
                "value": "user_account"
              },
              {
                "type": "index",
                "value": {
                  "value": 0,
                  "type": "number"
                }
              },
              {
                "type": "get_attr",
                "value": "password"
              }
            ]
          ],
          "identity_schema_version": 0,
          "private": "bnVsbA=="
        }
      ]
    }
  ],
  "check_results": null
}
